# This file is autogenerated, do not edit; changes may be undone by the next 'dep ensure'.


[[projects]]
  digest = "1:5c992c090e2515ba4e1b877a914aee2952f35e8759b88a30a6dc7e8b2d684d96"
  name = "github.com/aws/aws-lambda-go"
  packages = [
    "lambda",
    "lambda/handlertrace",
    "lambda/messages",
    "lambdacontext",
  ]
  pruneopts = ""
  revision = "c83699c938a36c6d111f9837be9295184efeeb2e"
  version = "v1.9.0"

[[projects]]
  digest = "1:0539df4eb32786b88a340bf997aa8f337d0ed9d2ceca46e7c86c5190192199e2"
  name = "github.com/aws/aws-sdk-go"
  packages = [
    "aws",
    "aws/awserr",
    "aws/awsutil",
    "aws/client",
    "aws/client/metadata",
    "aws/corehandlers",
    "aws/credentials",
    "aws/credentials/ec2rolecreds",
    "aws/credentials/endpointcreds",
    "aws/credentials/processcreds",
    "aws/credentials/stscreds",
    "aws/csm",
    "aws/defaults",
    "aws/ec2metadata",
    "aws/endpoints",
    "aws/request",
    "aws/session",
    "aws/signer/v4",
    "internal/ini",
    "internal/sdkio",
    "internal/sdkrand",
    "internal/sdkuri",
    "internal/shareddefaults",
    "private/protocol",
    "private/protocol/query",
    "private/protocol/query/queryutil",
    "private/protocol/rest",
    "private/protocol/xml/xmlutil",
    "service/sts",
  ]
  pruneopts = ""
  revision = "754d07f5dfb0a42be29df8da4a5428a321377cb3"
  version = "v1.17.11"

[[projects]]
  branch = "master"
  digest = "1:6f6e17182d63e72301fd751ee0eddf345ad1f48e928644855d59188168ef145a"
  name = "github.com/etherlabsio/avcapture"
  packages = [
    "pkg/commander",
    "pkg/ffmpeg",
  ]
  pruneopts = ""
  revision = "b696a3233b8f37a11f52ec40b4846f1c204970cb"

[[projects]]
  digest = "1:da275eddf2e2ae49229f631fa2ef6ac6eb84f2e6eb0b5e0e6b52f02e9f1e88c6"
  name = "github.com/etherlabsio/errors"
  packages = ["."]
  pruneopts = ""
  revision = "ae7e3367f1fd54d4173fd706d32e1c32ca03af9c"
  version = "v0.2.3"

[[projects]]
  digest = "1:b6e1a9a7df610a4175163db6d0a22966597bb48e6aeba11b4174aa118bd4f5a5"
  name = "github.com/etherlabsio/m3u8"
  packages = ["."]
  pruneopts = ""
  revision = "0b86a8a8eaf300b6dfaf5a7a32b6e0b86f094621"
  version = "v0.10"

[[projects]]
  branch = "master"
  digest = "1:88bd89bb066fe7c882b666732b8c6ca4ed7532a67081af85fc10c4d6a918d770"
  name = "github.com/etherlabsio/pkg"
  packages = ["logutil"]
  pruneopts = ""
  revision = "5719fdf29a911ad597ba84b85a24aea87f5bb3cb"

[[projects]]
  digest = "1:48e65aaf8ce34ffb3e8d56daa9417826db162afbc2040705db331e9a2e9eebe3"
  name = "github.com/go-kit/kit"
  packages = [
    "endpoint",
    "log",
    "log/level",
  ]
  pruneopts = ""
  revision = "12210fb6ace19e0496167bb3e667dcd91fa9f69b"
  version = "v0.8.0"

[[projects]]
  digest = "1:df89444601379b2e1ee82bf8e6b72af9901cbeed4b469fa380a519c89c339310"
  name = "github.com/go-logfmt/logfmt"
  packages = ["."]
  pruneopts = ""
  revision = "07c9b44f60d7ffdfb7d8efe1ad539965737836dc"
  version = "v0.4.0"

[[projects]]
  digest = "1:5d5866bdc64447366e4d7c5d1974fa430b5e4365b48f1fd0750f61bc54f51956"
  name = "github.com/google/go-cloud"
  packages = [
    "blob",
    "blob/driver",
  ]
  pruneopts = ""
  revision = "e981f0586e2290f34ecf78282261b3693a894ec8"
  version = "v0.7.0"

[[projects]]
  digest = "1:13fe471d0ed891e8544eddfeeb0471fd3c9f2015609a1c000aefdedf52a19d40"
  name = "github.com/jmespath/go-jmespath"
  packages = ["."]
  pruneopts = ""
  revision = "c2b33e84"

[[projects]]
  branch = "master"
  digest = "1:1ed9eeebdf24aadfbca57eb50e6455bd1d2474525e0f0d4454de8c8e9bc7ee9a"
  name = "github.com/kr/logfmt"
  packages = ["."]
  pruneopts = ""
  revision = "b84e30acd515aadc4b783ad4ff83aff3299bdfe0"

[[projects]]
  digest = "1:1d7e1867c49a6dd9856598ef7c3123604ea3daabf5b83f303ff457bcbc410b1d"
  name = "github.com/pkg/errors"
  packages = ["."]
  pruneopts = ""
  revision = "ba968bfe8b2f7e042a574c888954fccecfa385b4"
  version = "v0.8.1"

[solve-meta]
  analyzer-name = "dep"
  analyzer-version = 1
  input-imports = [
    "github.com/aws/aws-lambda-go/lambda",
    "github.com/aws/aws-sdk-go/aws",
    "github.com/aws/aws-sdk-go/aws/session",
    "github.com/etherlabsio/avcapture/pkg/commander",
    "github.com/etherlabsio/avcapture/pkg/ffmpeg",
    "github.com/etherlabsio/m3u8",
    "github.com/etherlabsio/pkg/logutil",
    "github.com/go-kit/kit/log",
    "github.com/google/go-cloud/blob",
    "github.com/pkg/errors",
  ]
  solver-name = "gps-cdcl"
  solver-version = 1
